{
    "name": "heroku_demo_client",
    "version": "1.0.0",
    "lockfileVersion": 2,
    "requires": true,
    "packages": {
        "": {
            "name": "heroku_demo_client",
            "version": "1.0.0",
            "engines": {
                "node": "16.13.2"
            }
        }
    }
}
